
Microsoft Visual Studio Solution File, Format Version 12.00
# Visual Studio 15
VisualStudioVersion = 15.0.28307.271
MinimumVisualStudioVersion = 10.0.40219.1
Project("{FAE04EC0-301F-11D3-BF4B-00C04F79EFBC}") = "Sender", "Sender\Sender.csproj", "{ADB131EE-CE89-43DE-9319-5728267E93C5}"
EndProject
Project("{9A19103F-16F7-4668-BE54-9A1E7A4F7556}") = "Worker", "Worker\Worker.csproj", "{E6449F6C-C2B8-419C-BAC6-6E379757B231}"
EndProject
Global
	GlobalSection(SolutionConfigurationPlatforms) = preSolution
		Debug|Any CPU = Debug|Any CPU
		Release|Any CPU = Release|Any CPU
	EndGlobalSection
	GlobalSection(ProjectConfigurationPlatforms) = postSolution
		{ADB131EE-CE89-43DE-9319-5728267E93C5}.Debug|Any CPU.ActiveCfg = Debug|Any CPU
		{ADB131EE-CE89-43DE-9319-5728267E93C5}.Debug|Any CPU.Build.0 = Debug|Any CPU
		{ADB131EE-CE89-43DE-9319-5728267E93C5}.Release|Any CPU.ActiveCfg = Release|Any CPU
		{ADB131EE-CE89-43DE-9319-5728267E93C5}.Release|Any CPU.Build.0 = Release|Any CPU
		{E6449F6C-C2B8-419C-BAC6-6E379757B231}.Debug|Any CPU.ActiveCfg = Debug|Any CPU
		{E6449F6C-C2B8-419C-BAC6-6E379757B231}.Debug|Any CPU.Build.0 = Debug|Any CPU
		{E6449F6C-C2B8-419C-BAC6-6E379757B231}.Release|Any CPU.ActiveCfg = Release|Any CPU
		{E6449F6C-C2B8-419C-BAC6-6E379757B231}.Release|Any CPU.Build.0 = Release|Any CPU
	EndGlobalSection
	GlobalSection(SolutionProperties) = preSolution
		HideSolutionNode = FALSE
	EndGlobalSection
	GlobalSection(ExtensibilityGlobals) = postSolution
		SolutionGuid = {517644CB-34BD-405A-99C4-4C6B80091CC6}
	EndGlobalSection
EndGlobal
